
Microsoft Visual Studio Solution File, Format Version 12.00
# Visual Studio 15
Project("{FAE04EC0-301F-11D3-BF4B-00C04F79EFBC}") = "Assembly-CSharp", "Assembly-CSharp.csproj", "{2F5AA30A-3F3C-98FB-C9B1-7450DAABE885}"
EndProject
Project("{FAE04EC0-301F-11D3-BF4B-00C04F79EFBC}") = "Assembly-CSharp-Editor", "Assembly-CSharp-Editor.csproj", "{30DB261D-DDEE-9EB0-AC20-83FF88106959}"
EndProject
Global
	GlobalSection(SolutionConfigurationPlatforms) = preSolution
		Debug|Any CPU = Debug|Any CPU
		Release|Any CPU = Release|Any CPU
	EndGlobalSection
	GlobalSection(ProjectConfigurationPlatforms) = postSolution
		{2F5AA30A-3F3C-98FB-C9B1-7450DAABE885}.Debug|Any CPU.ActiveCfg = Debug|Any CPU
		{2F5AA30A-3F3C-98FB-C9B1-7450DAABE885}.Debug|Any CPU.Build.0 = Debug|Any CPU
		{2F5AA30A-3F3C-98FB-C9B1-7450DAABE885}.Release|Any CPU.ActiveCfg = Release|Any CPU
		{2F5AA30A-3F3C-98FB-C9B1-7450DAABE885}.Release|Any CPU.Build.0 = Release|Any CPU
		{30DB261D-DDEE-9EB0-AC20-83FF88106959}.Debug|Any CPU.ActiveCfg = Debug|Any CPU
		{30DB261D-DDEE-9EB0-AC20-83FF88106959}.Debug|Any CPU.Build.0 = Debug|Any CPU
		{30DB261D-DDEE-9EB0-AC20-83FF88106959}.Release|Any CPU.ActiveCfg = Release|Any CPU
		{30DB261D-DDEE-9EB0-AC20-83FF88106959}.Release|Any CPU.Build.0 = Release|Any CPU
	EndGlobalSection
	GlobalSection(SolutionProperties) = preSolution
		HideSolutionNode = FALSE
	EndGlobalSection
EndGlobal
